
Microsoft Visual Studio Solution File, Format Version 12.00
# Visual Studio Version 17
VisualStudioVersion = 17.5.2.0
MinimumVisualStudioVersion = 10.0.40219.1
Project("{FAE04EC0-301F-11D3-BF4B-00C04F79EFBC}") = "CipherClient", "CipherClient.csproj", "{6560939E-0A74-E454-3838-B3B3983B9FE6}"
EndProject
Project("{FAE04EC0-301F-11D3-BF4B-00C04F79EFBC}") = "CipherServer", "server\CipherServer.csproj", "{6EAB87AC-02D7-EE3F-65A1-69861532C3E6}"
EndProject
Project("{2150E333-8FDC-42A3-9474-1A3956D46DE8}") = "tests", "tests", "{0AB3BF05-4346-4AA6-1389-037BE0695223}"
EndProject
Project("{FAE04EC0-301F-11D3-BF4B-00C04F79EFBC}") = "Cipher.Tests", "tests\Cipher.Tests\Cipher.Tests.csproj", "{73C5D571-9E5A-4718-83F4-ADBB40AD3D31}"
EndProject
Project("{2150E333-8FDC-42A3-9474-1A3956D46DE8}") = "tools", "tools", "{07C2787E-EAC7-C090-1BA3-A61EC2A24D84}"
EndProject
Project("{FAE04EC0-301F-11D3-BF4B-00C04F79EFBC}") = "Cipher.SmokeRunner", "tools\Cipher.SmokeRunner\Cipher.SmokeRunner.csproj", "{5BBE1319-B958-4936-9B9D-067C522E4D8A}"
EndProject
Project("{FAE04EC0-301F-11D3-BF4B-00C04F79EFBC}") = "Cipher.ReconnectProbe", "tools\Cipher.ReconnectProbe\Cipher.ReconnectProbe.csproj", "{4C3C18F5-168A-4B11-9612-D45D69FF1C61}"
EndProject
Project("{FAE04EC0-301F-11D3-BF4B-00C04F79EFBC}") = "Cipher.UI.Tests", "tests\Cipher.UI.Tests\Cipher.UI.Tests.csproj", "{C1B0CAFF-6661-4F22-8289-20934328633A}"
EndProject
Global
	GlobalSection(SolutionConfigurationPlatforms) = preSolution
		Debug|Any CPU = Debug|Any CPU
		Debug|x64 = Debug|x64
		Debug|x86 = Debug|x86
		Release|Any CPU = Release|Any CPU
		Release|x64 = Release|x64
		Release|x86 = Release|x86
	EndGlobalSection
	GlobalSection(ProjectConfigurationPlatforms) = postSolution
		{6560939E-0A74-E454-3838-B3B3983B9FE6}.Debug|Any CPU.ActiveCfg = Debug|Any CPU
		{6560939E-0A74-E454-3838-B3B3983B9FE6}.Debug|Any CPU.Build.0 = Debug|Any CPU
		{6560939E-0A74-E454-3838-B3B3983B9FE6}.Debug|x64.ActiveCfg = Debug|Any CPU
		{6560939E-0A74-E454-3838-B3B3983B9FE6}.Debug|x64.Build.0 = Debug|Any CPU
		{6560939E-0A74-E454-3838-B3B3983B9FE6}.Debug|x86.ActiveCfg = Debug|Any CPU
		{6560939E-0A74-E454-3838-B3B3983B9FE6}.Debug|x86.Build.0 = Debug|Any CPU
		{6560939E-0A74-E454-3838-B3B3983B9FE6}.Release|Any CPU.ActiveCfg = Release|Any CPU
		{6560939E-0A74-E454-3838-B3B3983B9FE6}.Release|Any CPU.Build.0 = Release|Any CPU
		{6560939E-0A74-E454-3838-B3B3983B9FE6}.Release|x64.ActiveCfg = Release|Any CPU
		{6560939E-0A74-E454-3838-B3B3983B9FE6}.Release|x64.Build.0 = Release|Any CPU
		{6560939E-0A74-E454-3838-B3B3983B9FE6}.Release|x86.ActiveCfg = Release|Any CPU
		{6560939E-0A74-E454-3838-B3B3983B9FE6}.Release|x86.Build.0 = Release|Any CPU
		{6EAB87AC-02D7-EE3F-65A1-69861532C3E6}.Debug|Any CPU.ActiveCfg = Debug|Any CPU
		{6EAB87AC-02D7-EE3F-65A1-69861532C3E6}.Debug|Any CPU.Build.0 = Debug|Any CPU
		{6EAB87AC-02D7-EE3F-65A1-69861532C3E6}.Debug|x64.ActiveCfg = Debug|Any CPU
		{6EAB87AC-02D7-EE3F-65A1-69861532C3E6}.Debug|x64.Build.0 = Debug|Any CPU
		{6EAB87AC-02D7-EE3F-65A1-69861532C3E6}.Debug|x86.ActiveCfg = Debug|Any CPU
		{6EAB87AC-02D7-EE3F-65A1-69861532C3E6}.Debug|x86.Build.0 = Debug|Any CPU
		{6EAB87AC-02D7-EE3F-65A1-69861532C3E6}.Release|Any CPU.ActiveCfg = Release|Any CPU
		{6EAB87AC-02D7-EE3F-65A1-69861532C3E6}.Release|Any CPU.Build.0 = Release|Any CPU
		{6EAB87AC-02D7-EE3F-65A1-69861532C3E6}.Release|x64.ActiveCfg = Release|Any CPU
		{6EAB87AC-02D7-EE3F-65A1-69861532C3E6}.Release|x64.Build.0 = Release|Any CPU
		{6EAB87AC-02D7-EE3F-65A1-69861532C3E6}.Release|x86.ActiveCfg = Release|Any CPU
		{6EAB87AC-02D7-EE3F-65A1-69861532C3E6}.Release|x86.Build.0 = Release|Any CPU
		{73C5D571-9E5A-4718-83F4-ADBB40AD3D31}.Debug|Any CPU.ActiveCfg = Debug|Any CPU
		{73C5D571-9E5A-4718-83F4-ADBB40AD3D31}.Debug|Any CPU.Build.0 = Debug|Any CPU
		{73C5D571-9E5A-4718-83F4-ADBB40AD3D31}.Debug|x64.ActiveCfg = Debug|Any CPU
		{73C5D571-9E5A-4718-83F4-ADBB40AD3D31}.Debug|x64.Build.0 = Debug|Any CPU
		{73C5D571-9E5A-4718-83F4-ADBB40AD3D31}.Debug|x86.ActiveCfg = Debug|Any CPU
		{73C5D571-9E5A-4718-83F4-ADBB40AD3D31}.Debug|x86.Build.0 = Debug|Any CPU
		{73C5D571-9E5A-4718-83F4-ADBB40AD3D31}.Release|Any CPU.ActiveCfg = Release|Any CPU
		{73C5D571-9E5A-4718-83F4-ADBB40AD3D31}.Release|Any CPU.Build.0 = Release|Any CPU
		{73C5D571-9E5A-4718-83F4-ADBB40AD3D31}.Release|x64.ActiveCfg = Release|Any CPU
		{73C5D571-9E5A-4718-83F4-ADBB40AD3D31}.Release|x64.Build.0 = Release|Any CPU
		{73C5D571-9E5A-4718-83F4-ADBB40AD3D31}.Release|x86.ActiveCfg = Release|Any CPU
		{73C5D571-9E5A-4718-83F4-ADBB40AD3D31}.Release|x86.Build.0 = Release|Any CPU
		{5BBE1319-B958-4936-9B9D-067C522E4D8A}.Debug|Any CPU.ActiveCfg = Debug|Any CPU
		{5BBE1319-B958-4936-9B9D-067C522E4D8A}.Debug|Any CPU.Build.0 = Debug|Any CPU
		{5BBE1319-B958-4936-9B9D-067C522E4D8A}.Debug|x64.ActiveCfg = Debug|Any CPU
		{5BBE1319-B958-4936-9B9D-067C522E4D8A}.Debug|x64.Build.0 = Debug|Any CPU
		{5BBE1319-B958-4936-9B9D-067C522E4D8A}.Debug|x86.ActiveCfg = Debug|Any CPU
		{5BBE1319-B958-4936-9B9D-067C522E4D8A}.Debug|x86.Build.0 = Debug|Any CPU
		{5BBE1319-B958-4936-9B9D-067C522E4D8A}.Release|Any CPU.ActiveCfg = Release|Any CPU
		{5BBE1319-B958-4936-9B9D-067C522E4D8A}.Release|Any CPU.Build.0 = Release|Any CPU
		{5BBE1319-B958-4936-9B9D-067C522E4D8A}.Release|x64.ActiveCfg = Release|Any CPU
		{5BBE1319-B958-4936-9B9D-067C522E4D8A}.Release|x64.Build.0 = Release|Any CPU
		{5BBE1319-B958-4936-9B9D-067C522E4D8A}.Release|x86.ActiveCfg = Release|Any CPU
		{5BBE1319-B958-4936-9B9D-067C522E4D8A}.Release|x86.Build.0 = Release|Any CPU
		{4C3C18F5-168A-4B11-9612-D45D69FF1C61}.Debug|Any CPU.ActiveCfg = Debug|Any CPU
		{4C3C18F5-168A-4B11-9612-D45D69FF1C61}.Debug|Any CPU.Build.0 = Debug|Any CPU
		{4C3C18F5-168A-4B11-9612-D45D69FF1C61}.Debug|x64.ActiveCfg = Debug|Any CPU
		{4C3C18F5-168A-4B11-9612-D45D69FF1C61}.Debug|x64.Build.0 = Debug|Any CPU
		{4C3C18F5-168A-4B11-9612-D45D69FF1C61}.Debug|x86.ActiveCfg = Debug|Any CPU
		{4C3C18F5-168A-4B11-9612-D45D69FF1C61}.Debug|x86.Build.0 = Debug|Any CPU
		{4C3C18F5-168A-4B11-9612-D45D69FF1C61}.Release|Any CPU.ActiveCfg = Release|Any CPU
		{4C3C18F5-168A-4B11-9612-D45D69FF1C61}.Release|Any CPU.Build.0 = Release|Any CPU
		{4C3C18F5-168A-4B11-9612-D45D69FF1C61}.Release|x64.ActiveCfg = Release|Any CPU
		{4C3C18F5-168A-4B11-9612-D45D69FF1C61}.Release|x64.Build.0 = Release|Any CPU
		{4C3C18F5-168A-4B11-9612-D45D69FF1C61}.Release|x86.ActiveCfg = Release|Any CPU
		{4C3C18F5-168A-4B11-9612-D45D69FF1C61}.Release|x86.Build.0 = Release|Any CPU
		{C1B0CAFF-6661-4F22-8289-20934328633A}.Debug|Any CPU.ActiveCfg = Debug|Any CPU
		{C1B0CAFF-6661-4F22-8289-20934328633A}.Debug|Any CPU.Build.0 = Debug|Any CPU
		{C1B0CAFF-6661-4F22-8289-20934328633A}.Debug|x64.ActiveCfg = Debug|Any CPU
		{C1B0CAFF-6661-4F22-8289-20934328633A}.Debug|x64.Build.0 = Debug|Any CPU
		{C1B0CAFF-6661-4F22-8289-20934328633A}.Debug|x86.ActiveCfg = Debug|Any CPU
		{C1B0CAFF-6661-4F22-8289-20934328633A}.Debug|x86.Build.0 = Debug|Any CPU
		{C1B0CAFF-6661-4F22-8289-20934328633A}.Release|Any CPU.ActiveCfg = Release|Any CPU
		{C1B0CAFF-6661-4F22-8289-20934328633A}.Release|Any CPU.Build.0 = Release|Any CPU
		{C1B0CAFF-6661-4F22-8289-20934328633A}.Release|x64.ActiveCfg = Release|Any CPU
		{C1B0CAFF-6661-4F22-8289-20934328633A}.Release|x64.Build.0 = Release|Any CPU
		{C1B0CAFF-6661-4F22-8289-20934328633A}.Release|x86.ActiveCfg = Release|Any CPU
		{C1B0CAFF-6661-4F22-8289-20934328633A}.Release|x86.Build.0 = Release|Any CPU
	EndGlobalSection
	GlobalSection(SolutionProperties) = preSolution
		HideSolutionNode = FALSE
	EndGlobalSection
	GlobalSection(NestedProjects) = preSolution
		{73C5D571-9E5A-4718-83F4-ADBB40AD3D31} = {0AB3BF05-4346-4AA6-1389-037BE0695223}
		{5BBE1319-B958-4936-9B9D-067C522E4D8A} = {07C2787E-EAC7-C090-1BA3-A61EC2A24D84}
		{4C3C18F5-168A-4B11-9612-D45D69FF1C61} = {07C2787E-EAC7-C090-1BA3-A61EC2A24D84}
		{C1B0CAFF-6661-4F22-8289-20934328633A} = {0AB3BF05-4346-4AA6-1389-037BE0695223}
	EndGlobalSection
	GlobalSection(ExtensibilityGlobals) = postSolution
		SolutionGuid = {A19C03B2-71F0-469C-93C2-A594A7CF01AC}
	EndGlobalSection
EndGlobal
